
Microsoft Visual Studio Solution File, Format Version 12.00
# Visual Studio 14
VisualStudioVersion = 14.0.25420.1
MinimumVisualStudioVersion = 10.0.40219.1
Project("{FAE04EC0-301F-11D3-BF4B-00C04F79EFBC}") = "EntidadesCompartidas", "EntidadesCompartidas\EntidadesCompartidas.csproj", "{E6DD5F7E-2350-4621-AA2B-76FBF434B3E8}"
EndProject
Project("{E24C65DC-7377-472B-9ABA-BC803B73C61A}") = "Presentacion", "F:\ProyectoFinalv1.1\Presentacion\", "{7B50C732-7286-476A-B36A-EDB1F8A43BE9}"
	ProjectSection(WebsiteProperties) = preProject
		TargetFrameworkMoniker = ".NETFramework,Version%3Dv4.0"
		Debug.AspNetCompiler.VirtualPath = "/localhost_50863"
		Debug.AspNetCompiler.PhysicalPath = "F:\ProyectoFinalv1.1\Presentacion\"
		Debug.AspNetCompiler.TargetPath = "PrecompiledWeb\localhost_50863\"
		Debug.AspNetCompiler.Updateable = "true"
		Debug.AspNetCompiler.ForceOverwrite = "true"
		Debug.AspNetCompiler.FixedNames = "false"
		Debug.AspNetCompiler.Debug = "True"
		Release.AspNetCompiler.VirtualPath = "/localhost_50863"
		Release.AspNetCompiler.PhysicalPath = "F:\ProyectoFinalv1.1\Presentacion\"
		Release.AspNetCompiler.TargetPath = "PrecompiledWeb\localhost_50863\"
		Release.AspNetCompiler.Updateable = "true"
		Release.AspNetCompiler.ForceOverwrite = "true"
		Release.AspNetCompiler.FixedNames = "false"
		Release.AspNetCompiler.Debug = "False"
		VWDPort = "50863"
		DefaultWebSiteLanguage = "Visual C#"
	EndProjectSection
EndProject
Project("{FAE04EC0-301F-11D3-BF4B-00C04F79EFBC}") = "Persistencia", "Persistencia\Persistencia.csproj", "{6F153165-FB63-46F2-9160-384D6DE606F9}"
EndProject
Project("{FAE04EC0-301F-11D3-BF4B-00C04F79EFBC}") = "Logica", "Logica\Logica.csproj", "{B8022BF4-A5AC-4B2F-BBA4-C7ADF1D2A8FD}"
EndProject
Global
	GlobalSection(SolutionConfigurationPlatforms) = preSolution
		Debug|Any CPU = Debug|Any CPU
		Release|Any CPU = Release|Any CPU
	EndGlobalSection
	GlobalSection(ProjectConfigurationPlatforms) = postSolution
		{E6DD5F7E-2350-4621-AA2B-76FBF434B3E8}.Debug|Any CPU.ActiveCfg = Debug|Any CPU
		{E6DD5F7E-2350-4621-AA2B-76FBF434B3E8}.Debug|Any CPU.Build.0 = Debug|Any CPU
		{E6DD5F7E-2350-4621-AA2B-76FBF434B3E8}.Release|Any CPU.ActiveCfg = Release|Any CPU
		{E6DD5F7E-2350-4621-AA2B-76FBF434B3E8}.Release|Any CPU.Build.0 = Release|Any CPU
		{7B50C732-7286-476A-B36A-EDB1F8A43BE9}.Debug|Any CPU.ActiveCfg = Debug|Any CPU
		{7B50C732-7286-476A-B36A-EDB1F8A43BE9}.Debug|Any CPU.Build.0 = Debug|Any CPU
		{7B50C732-7286-476A-B36A-EDB1F8A43BE9}.Release|Any CPU.ActiveCfg = Debug|Any CPU
		{7B50C732-7286-476A-B36A-EDB1F8A43BE9}.Release|Any CPU.Build.0 = Debug|Any CPU
		{6F153165-FB63-46F2-9160-384D6DE606F9}.Debug|Any CPU.ActiveCfg = Debug|Any CPU
		{6F153165-FB63-46F2-9160-384D6DE606F9}.Debug|Any CPU.Build.0 = Debug|Any CPU
		{6F153165-FB63-46F2-9160-384D6DE606F9}.Release|Any CPU.ActiveCfg = Release|Any CPU
		{6F153165-FB63-46F2-9160-384D6DE606F9}.Release|Any CPU.Build.0 = Release|Any CPU
		{B8022BF4-A5AC-4B2F-BBA4-C7ADF1D2A8FD}.Debug|Any CPU.ActiveCfg = Debug|Any CPU
		{B8022BF4-A5AC-4B2F-BBA4-C7ADF1D2A8FD}.Debug|Any CPU.Build.0 = Debug|Any CPU
		{B8022BF4-A5AC-4B2F-BBA4-C7ADF1D2A8FD}.Release|Any CPU.ActiveCfg = Release|Any CPU
		{B8022BF4-A5AC-4B2F-BBA4-C7ADF1D2A8FD}.Release|Any CPU.Build.0 = Release|Any CPU
	EndGlobalSection
	GlobalSection(SolutionProperties) = preSolution
		HideSolutionNode = FALSE
	EndGlobalSection
EndGlobal
